
Microsoft Visual Studio Solution File, Format Version 12.00
# Visual Studio Version 16
VisualStudioVersion = 16.0.31129.286
MinimumVisualStudioVersion = 10.0.40219.1
Project("{FAE04EC0-301F-11D3-BF4B-00C04F79EFBC}") = "JsonMaker", "JsonMaker\JsonMaker.csproj", "{55E8920E-B4A1-4762-B358-9D4E26BF629F}"
EndProject
Global
	GlobalSection(SolutionConfigurationPlatforms) = preSolution
		Debug|Any CPU = Debug|Any CPU
		Release|Any CPU = Release|Any CPU
	EndGlobalSection
	GlobalSection(ProjectConfigurationPlatforms) = postSolution
		{55E8920E-B4A1-4762-B358-9D4E26BF629F}.Debug|Any CPU.ActiveCfg = Debug|Any CPU
		{55E8920E-B4A1-4762-B358-9D4E26BF629F}.Debug|Any CPU.Build.0 = Debug|Any CPU
		{55E8920E-B4A1-4762-B358-9D4E26BF629F}.Release|Any CPU.ActiveCfg = Release|Any CPU
		{55E8920E-B4A1-4762-B358-9D4E26BF629F}.Release|Any CPU.Build.0 = Release|Any CPU
	EndGlobalSection
	GlobalSection(SolutionProperties) = preSolution
		HideSolutionNode = FALSE
	EndGlobalSection
	GlobalSection(ExtensibilityGlobals) = postSolution
		SolutionGuid = {8140170F-5876-4E13-8B43-CA4BA0CBE59A}
	EndGlobalSection
EndGlobal
